
Microsoft Visual Studio Solution File, Format Version 12.00
# Visual Studio Version 16
VisualStudioVersion = 16.0.31424.327
MinimumVisualStudioVersion = 10.0.40219.1
Project("{FAE04EC0-301F-11D3-BF4B-00C04F79EFBC}") = "RestWithASP-NET5Udemy", "RestWithASP-NET5Udemy.csproj", "{A0CA267E-1D37-463E-A5E1-28F7D3E71180}"
EndProject
Global
	GlobalSection(SolutionConfigurationPlatforms) = preSolution
		Debug|Any CPU = Debug|Any CPU
		Release|Any CPU = Release|Any CPU
	EndGlobalSection
	GlobalSection(ProjectConfigurationPlatforms) = postSolution
		{A0CA267E-1D37-463E-A5E1-28F7D3E71180}.Debug|Any CPU.ActiveCfg = Debug|Any CPU
		{A0CA267E-1D37-463E-A5E1-28F7D3E71180}.Debug|Any CPU.Build.0 = Debug|Any CPU
		{A0CA267E-1D37-463E-A5E1-28F7D3E71180}.Release|Any CPU.ActiveCfg = Release|Any CPU
		{A0CA267E-1D37-463E-A5E1-28F7D3E71180}.Release|Any CPU.Build.0 = Release|Any CPU
	EndGlobalSection
	GlobalSection(SolutionProperties) = preSolution
		HideSolutionNode = FALSE
	EndGlobalSection
	GlobalSection(ExtensibilityGlobals) = postSolution
		SolutionGuid = {B27126A4-FA3D-4901-8D91-56875ACCCA2D}
	EndGlobalSection
EndGlobal
